
Microsoft Visual Studio Solution File, Format Version 12.00
# Visual Studio Version 17
VisualStudioVersion = 17.14.36518.9 d17.14
MinimumVisualStudioVersion = 10.0.40219.1
Project("{FAE04EC0-301F-11D3-BF4B-00C04F79EFBC}") = "FoodPL", "FoodPL\FoodPL.csproj", "{4896C729-5190-43A6-BD51-3F4CDB149EAF}"
EndProject
Project("{FAE04EC0-301F-11D3-BF4B-00C04F79EFBC}") = "FoodDAL", "FoodDAL\FoodDAL.csproj", "{3EAC1000-429C-4F7D-A22D-169F1BB6DE07}"
EndProject
Project("{FAE04EC0-301F-11D3-BF4B-00C04F79EFBC}") = "FoodBLL", "FoodBLL\FoodBLL.csproj", "{20D04F83-98A0-43EF-836E-2F6DA03EB6F6}"
EndProject
Global
	GlobalSection(SolutionConfigurationPlatforms) = preSolution
		Debug|Any CPU = Debug|Any CPU
		Release|Any CPU = Release|Any CPU
	EndGlobalSection
	GlobalSection(ProjectConfigurationPlatforms) = postSolution
		{4896C729-5190-43A6-BD51-3F4CDB149EAF}.Debug|Any CPU.ActiveCfg = Debug|Any CPU
		{4896C729-5190-43A6-BD51-3F4CDB149EAF}.Debug|Any CPU.Build.0 = Debug|Any CPU
		{4896C729-5190-43A6-BD51-3F4CDB149EAF}.Release|Any CPU.ActiveCfg = Release|Any CPU
		{4896C729-5190-43A6-BD51-3F4CDB149EAF}.Release|Any CPU.Build.0 = Release|Any CPU
		{3EAC1000-429C-4F7D-A22D-169F1BB6DE07}.Debug|Any CPU.ActiveCfg = Debug|Any CPU
		{3EAC1000-429C-4F7D-A22D-169F1BB6DE07}.Debug|Any CPU.Build.0 = Debug|Any CPU
		{3EAC1000-429C-4F7D-A22D-169F1BB6DE07}.Release|Any CPU.ActiveCfg = Release|Any CPU
		{3EAC1000-429C-4F7D-A22D-169F1BB6DE07}.Release|Any CPU.Build.0 = Release|Any CPU
		{20D04F83-98A0-43EF-836E-2F6DA03EB6F6}.Debug|Any CPU.ActiveCfg = Debug|Any CPU
		{20D04F83-98A0-43EF-836E-2F6DA03EB6F6}.Debug|Any CPU.Build.0 = Debug|Any CPU
		{20D04F83-98A0-43EF-836E-2F6DA03EB6F6}.Release|Any CPU.ActiveCfg = Release|Any CPU
		{20D04F83-98A0-43EF-836E-2F6DA03EB6F6}.Release|Any CPU.Build.0 = Release|Any CPU
	EndGlobalSection
	GlobalSection(SolutionProperties) = preSolution
		HideSolutionNode = FALSE
	EndGlobalSection
	GlobalSection(ExtensibilityGlobals) = postSolution
		SolutionGuid = {73814A47-7D3B-4EF8-8600-054AC038A51C}
	EndGlobalSection
EndGlobal
